
Microsoft Visual Studio Solution File, Format Version 12.00
# Visual Studio Version 17
VisualStudioVersion = 17.12.35514.174 d17.12
MinimumVisualStudioVersion = 10.0.40219.1
Project("{FAE04EC0-301F-11D3-BF4B-00C04F79EFBC}") = "Hotel_API", "Hotel_API\Hotel_API.csproj", "{37B2B48A-29E2-4619-AED0-424BEFD99098}"
EndProject
Project("{FAE04EC0-301F-11D3-BF4B-00C04F79EFBC}") = "Application", "Application\Application.csproj", "{8D97BABC-0D6B-4120-9F49-2E4AC3A1B277}"
EndProject
Project("{FAE04EC0-301F-11D3-BF4B-00C04F79EFBC}") = "Core", "Core\Core.csproj", "{E2F93A8D-FF76-46E9-BDC1-A826A54FDD3C}"
EndProject
Project("{FAE04EC0-301F-11D3-BF4B-00C04F79EFBC}") = "Infrastructure", "Infrastructure\Infrastructure.csproj", "{F2533E3E-8138-45B1-8A25-9B01239D6356}"
EndProject
Global
	GlobalSection(SolutionConfigurationPlatforms) = preSolution
		Debug|Any CPU = Debug|Any CPU
		Release|Any CPU = Release|Any CPU
	EndGlobalSection
	GlobalSection(ProjectConfigurationPlatforms) = postSolution
		{37B2B48A-29E2-4619-AED0-424BEFD99098}.Debug|Any CPU.ActiveCfg = Debug|Any CPU
		{37B2B48A-29E2-4619-AED0-424BEFD99098}.Debug|Any CPU.Build.0 = Debug|Any CPU
		{37B2B48A-29E2-4619-AED0-424BEFD99098}.Release|Any CPU.ActiveCfg = Release|Any CPU
		{37B2B48A-29E2-4619-AED0-424BEFD99098}.Release|Any CPU.Build.0 = Release|Any CPU
		{8D97BABC-0D6B-4120-9F49-2E4AC3A1B277}.Debug|Any CPU.ActiveCfg = Debug|Any CPU
		{8D97BABC-0D6B-4120-9F49-2E4AC3A1B277}.Debug|Any CPU.Build.0 = Debug|Any CPU
		{8D97BABC-0D6B-4120-9F49-2E4AC3A1B277}.Release|Any CPU.ActiveCfg = Release|Any CPU
		{8D97BABC-0D6B-4120-9F49-2E4AC3A1B277}.Release|Any CPU.Build.0 = Release|Any CPU
		{E2F93A8D-FF76-46E9-BDC1-A826A54FDD3C}.Debug|Any CPU.ActiveCfg = Debug|Any CPU
		{E2F93A8D-FF76-46E9-BDC1-A826A54FDD3C}.Debug|Any CPU.Build.0 = Debug|Any CPU
		{E2F93A8D-FF76-46E9-BDC1-A826A54FDD3C}.Release|Any CPU.ActiveCfg = Release|Any CPU
		{E2F93A8D-FF76-46E9-BDC1-A826A54FDD3C}.Release|Any CPU.Build.0 = Release|Any CPU
		{F2533E3E-8138-45B1-8A25-9B01239D6356}.Debug|Any CPU.ActiveCfg = Debug|Any CPU
		{F2533E3E-8138-45B1-8A25-9B01239D6356}.Debug|Any CPU.Build.0 = Debug|Any CPU
		{F2533E3E-8138-45B1-8A25-9B01239D6356}.Release|Any CPU.ActiveCfg = Release|Any CPU
		{F2533E3E-8138-45B1-8A25-9B01239D6356}.Release|Any CPU.Build.0 = Release|Any CPU
	EndGlobalSection
	GlobalSection(SolutionProperties) = preSolution
		HideSolutionNode = FALSE
	EndGlobalSection
EndGlobal
